{
  "name": "theme",
  "version": "1.0.0",
  "lockfileVersion": 3,
  "requires": true,
  "packages": {
    "": {
      "name": "theme",
      "version": "1.0.0",
      "dependencies": {
        "@emotion/react": "^11.4.1",
        "@emotion/styled": "^11.3.0",
        "@mui/material": "^5.1.1",
        "@mui/system": "^5.0.3",
        "@mui/x-data-grid": "^5.12.0",
        "@mui/x-date-pickers": "^5.0.9",
        "react": "^18.2.0"
      },
      "devDependencies": {
        "@types/react": "^18.0.26"
      }
    },
    "../../node_modules/.pnpm/@emotion+react@11.10.5_react@18.2.0/node_modules/@emotion/react": {
      "version": "11.10.5",
      "license": "MIT",
      "dependencies": {
        "@babel/runtime": "^7.18.3",
        "@emotion/babel-plugin": "^11.10.5",
        "@emotion/cache": "^11.10.5",
        "@emotion/serialize": "^1.1.1",
        "@emotion/use-insertion-effect-with-fallbacks": "^1.0.0",
        "@emotion/utils": "^1.2.0",
        "@emotion/weak-memoize": "^0.3.0",
        "hoist-non-react-statics": "^3.3.1"
      },
      "devDependencies": {
        "@babel/core": "^7.18.5",
        "@definitelytyped/dtslint": "0.0.112",
        "@emotion/css": "11.10.5",
        "@emotion/css-prettifier": "1.1.1",
        "@emotion/server": "11.10.0",
        "@emotion/styled": "11.10.5",
        "html-tag-names": "^1.1.2",
        "react": "16.14.0",
        "svg-tag-names": "^1.1.1",
        "typescript": "^4.5.5"
      },
      "peerDependencies": {
        "@babel/core": "^7.0.0",
        "react": ">=16.8.0"
      },
      "peerDependenciesMeta": {
        "@babel/core": {
          "optional": true
        },
        "@types/react": {
          "optional": true
        }
      }
    },
    "../../node_modules/.pnpm/@emotion+styled@11.10.5_hp5f5nkljdiwilp4rgxyefcplu/node_modules/@emotion/styled": {
      "version": "11.10.5",
      "license": "MIT",
      "dependencies": {
        "@babel/runtime": "^7.18.3",
        "@emotion/babel-plugin": "^11.10.5",
        "@emotion/is-prop-valid": "^1.2.0",
        "@emotion/serialize": "^1.1.1",
        "@emotion/use-insertion-effect-with-fallbacks": "^1.0.0",
        "@emotion/utils": "^1.2.0"
      },
      "devDependencies": {
        "@babel/core": "^7.18.5",
        "@definitelytyped/dtslint": "0.0.112",
        "@emotion/react": "11.10.5",
        "react": "16.14.0",
        "typescript": "^4.5.5"
      },
      "peerDependencies": {
        "@babel/core": "^7.0.0",
        "@emotion/react": "^11.0.0-rc.0",
        "react": ">=16.8.0"
      },
      "peerDependenciesMeta": {
        "@babel/core": {
          "optional": true
        },
        "@types/react": {
          "optional": true
        }
      }
    },
    "../../node_modules/.pnpm/@mui+material@5.10.17_dovxhg2tvkkxkdnqyoum6wzcxm/node_modules/@mui/material": {
      "version": "5.10.17",
      "license": "MIT",
      "dependencies": {
        "@babel/runtime": "^7.20.1",
        "@mui/base": "5.0.0-alpha.109",
        "@mui/core-downloads-tracker": "^5.10.17",
        "@mui/system": "^5.10.17",
        "@mui/types": "^7.2.2",
        "@mui/utils": "^5.10.16",
        "@types/react-transition-group": "^4.4.5",
        "clsx": "^1.2.1",
        "csstype": "^3.1.1",
        "prop-types": "^15.8.1",
        "react-is": "^18.2.0",
        "react-transition-group": "^4.4.5"
      },
      "engines": {
        "node": ">=12.0.0"
      },
      "funding": {
        "type": "opencollective",
        "url": "https://opencollective.com/mui"
      },
      "peerDependencies": {
        "@emotion/react": "^11.5.0",
        "@emotion/styled": "^11.3.0",
        "@types/react": "^17.0.0 || ^18.0.0",
        "react": "^17.0.0 || ^18.0.0",
        "react-dom": "^17.0.0 || ^18.0.0"
      },
      "peerDependenciesMeta": {
        "@emotion/react": {
          "optional": true
        },
        "@emotion/styled": {
          "optional": true
        },
        "@types/react": {
          "optional": true
        }
      }
    },
    "../../node_modules/.pnpm/@mui+system@5.10.17_dovxhg2tvkkxkdnqyoum6wzcxm/node_modules/@mui/system": {
      "version": "5.10.17",
      "license": "MIT",
      "dependencies": {
        "@babel/runtime": "^7.20.1",
        "@mui/private-theming": "^5.10.16",
        "@mui/styled-engine": "^5.10.16",
        "@mui/types": "^7.2.2",
        "@mui/utils": "^5.10.16",
        "clsx": "^1.2.1",
        "csstype": "^3.1.1",
        "prop-types": "^15.8.1"
      },
      "engines": {
        "node": ">=12.0.0"
      },
      "funding": {
        "type": "opencollective",
        "url": "https://opencollective.com/mui"
      },
      "peerDependencies": {
        "@emotion/react": "^11.5.0",
        "@emotion/styled": "^11.3.0",
        "@types/react": "^17.0.0 || ^18.0.0",
        "react": "^17.0.0 || ^18.0.0"
      },
      "peerDependenciesMeta": {
        "@emotion/react": {
          "optional": true
        },
        "@emotion/styled": {
          "optional": true
        },
        "@types/react": {
          "optional": true
        }
      }
    },
    "../../node_modules/.pnpm/@mui+x-data-grid@5.17.14_ksv67ftpnwawvcspbriidnwst4/node_modules/@mui/x-data-grid": {
      "version": "5.17.14",
      "license": "MIT",
      "dependencies": {
        "@babel/runtime": "^7.18.9",
        "@mui/utils": "^5.10.3",
        "clsx": "^1.2.1",
        "prop-types": "^15.8.1",
        "reselect": "^4.1.6"
      },
      "engines": {
        "node": ">=12.0.0"
      },
      "funding": {
        "type": "opencollective",
        "url": "https://opencollective.com/mui"
      },
      "peerDependencies": {
        "@mui/material": "^5.4.1",
        "@mui/system": "^5.4.1",
        "react": "^17.0.2 || ^18.0.0",
        "react-dom": "^17.0.2 || ^18.0.0"
      }
    },
    "../../node_modules/.pnpm/@mui+x-date-pickers@5.0.10_lej5xr3qr2sd4gdufn3w6ltppq/node_modules/@mui/x-date-pickers": {
      "version": "5.0.10",
      "license": "MIT",
      "dependencies": {
        "@babel/runtime": "^7.18.9",
        "@date-io/core": "^2.15.0",
        "@date-io/date-fns": "^2.15.0",
        "@date-io/dayjs": "^2.15.0",
        "@date-io/luxon": "^2.15.0",
        "@date-io/moment": "^2.15.0",
        "@mui/utils": "^5.10.3",
        "@types/react-transition-group": "^4.4.5",
        "clsx": "^1.2.1",
        "prop-types": "^15.7.2",
        "react-transition-group": "^4.4.5",
        "rifm": "^0.12.1"
      },
      "engines": {
        "node": ">=12.0.0"
      },
      "funding": {
        "type": "opencollective",
        "url": "https://opencollective.com/mui"
      },
      "peerDependencies": {
        "@emotion/react": "^11.9.0",
        "@emotion/styled": "^11.8.1",
        "@mui/material": "^5.4.1",
        "@mui/system": "^5.4.1",
        "date-fns": "^2.25.0",
        "dayjs": "^1.10.7",
        "luxon": "^1.28.0 || ^2.0.0 || ^3.0.0",
        "moment": "^2.29.1",
        "react": "^17.0.2 || ^18.0.0",
        "react-dom": "^17.0.2 || ^18.0.0"
      },
      "peerDependenciesMeta": {
        "@emotion/react": {
          "optional": true
        },
        "@emotion/styled": {
          "optional": true
        },
        "date-fns": {
          "optional": true
        },
        "dayjs": {
          "optional": true
        },
        "luxon": {
          "optional": true
        },
        "moment": {
          "optional": true
        }
      }
    },
    "../../node_modules/.pnpm/react@18.2.0/node_modules/react": {
      "version": "18.2.0",
      "license": "MIT",
      "dependencies": {
        "loose-envify": "^1.1.0"
      },
      "engines": {
        "node": ">=0.10.0"
      }
    },
    "node_modules/@emotion/react": {
      "resolved": "../../node_modules/.pnpm/@emotion+react@11.10.5_react@18.2.0/node_modules/@emotion/react",
      "link": true
    },
    "node_modules/@emotion/styled": {
      "resolved": "../../node_modules/.pnpm/@emotion+styled@11.10.5_hp5f5nkljdiwilp4rgxyefcplu/node_modules/@emotion/styled",
      "link": true
    },
    "node_modules/@mui/material": {
      "resolved": "../../node_modules/.pnpm/@mui+material@5.10.17_dovxhg2tvkkxkdnqyoum6wzcxm/node_modules/@mui/material",
      "link": true
    },
    "node_modules/@mui/system": {
      "resolved": "../../node_modules/.pnpm/@mui+system@5.10.17_dovxhg2tvkkxkdnqyoum6wzcxm/node_modules/@mui/system",
      "link": true
    },
    "node_modules/@mui/x-data-grid": {
      "resolved": "../../node_modules/.pnpm/@mui+x-data-grid@5.17.14_ksv67ftpnwawvcspbriidnwst4/node_modules/@mui/x-data-grid",
      "link": true
    },
    "node_modules/@mui/x-date-pickers": {
      "resolved": "../../node_modules/.pnpm/@mui+x-date-pickers@5.0.10_lej5xr3qr2sd4gdufn3w6ltppq/node_modules/@mui/x-date-pickers",
      "link": true
    },
    "node_modules/@types/prop-types": {
      "version": "15.7.5",
      "resolved": "https://registry.npmjs.org/@types/prop-types/-/prop-types-15.7.5.tgz",
      "integrity": "sha512-JCB8C6SnDoQf0cNycqd/35A7MjcnK+ZTqE7judS6o7utxUCg6imJg3QK2qzHKszlTjcj2cn+NwMB2i96ubpj7w==",
      "dev": true
    },
    "node_modules/@types/react": {
      "version": "18.0.26",
      "resolved": "https://registry.npmjs.org/@types/react/-/react-18.0.26.tgz",
      "integrity": "sha512-hCR3PJQsAIXyxhTNSiDFY//LhnMZWpNNr5etoCqx/iUfGc5gXWtQR2Phl908jVR6uPXacojQWTg4qRpkxTuGug==",
      "dev": true,
      "dependencies": {
        "@types/prop-types": "*",
        "@types/scheduler": "*",
        "csstype": "^3.0.2"
      }
    },
    "node_modules/@types/scheduler": {
      "version": "0.16.2",
      "resolved": "https://registry.npmjs.org/@types/scheduler/-/scheduler-0.16.2.tgz",
      "integrity": "sha512-hppQEBDmlwhFAXKJX2KnWLYu5yMfi91yazPb2l+lbJiwW+wdo1gNeRA+3RgNSO39WYX2euey41KEwnqesU2Jew==",
      "dev": true
    },
    "node_modules/csstype": {
      "version": "3.1.1",
      "resolved": "https://registry.npmjs.org/csstype/-/csstype-3.1.1.tgz",
      "integrity": "sha512-DJR/VvkAvSZW9bTouZue2sSxDwdTN92uHjqeKVm+0dAqdfNykRzQ95tay8aXMBAAPpUiq4Qcug2L7neoRh2Egw==",
      "dev": true
    },
    "node_modules/react": {
      "resolved": "../../node_modules/.pnpm/react@18.2.0/node_modules/react",
      "link": true
    }
  }
}
